
Microsoft Visual Studio Solution File, Format Version 12.00
# Visual Studio Version 17
VisualStudioVersion = 17.6.33723.286
MinimumVisualStudioVersion = 10.0.40219.1
Project("{2150E333-8FDC-42A3-9474-1A3956D46DE8}") = "Tests", "Tests", "{4158D903-2A66-4347-83D7-FDCFC4F5A884}"
EndProject
Project("{9A19103F-16F7-4668-BE54-9A1E7A4F7556}") = "SharpDetect.Cli", "SharpDetect.Cli\SharpDetect.Cli.csproj", "{8C900695-6E8F-4278-B698-232F4FCDE693}"
EndProject
Project("{2150E333-8FDC-42A3-9474-1A3956D46DE8}") = "Build", "Build", "{15E06564-BE64-40EA-9C29-1DEE9C60F13F}"
	ProjectSection(SolutionItems) = preProject
		build.cake = build.cake
		Directory.Build.props = Directory.Build.props
		Directory.Packages.props = Directory.Packages.props
	EndProjectSection
EndProject
Project("{9A19103F-16F7-4668-BE54-9A1E7A4F7556}") = "SharpDetect.Events", "SharpDetect.Events\SharpDetect.Events.csproj", "{FFC8617B-A439-4E53-88DB-A0513C568B5C}"
EndProject
Project("{2150E333-8FDC-42A3-9474-1A3956D46DE8}") = "Extensibility", "Extensibility", "{DDDE2C8F-D130-4B27-A8A9-D12F55098A39}"
EndProject
Project("{9A19103F-16F7-4668-BE54-9A1E7A4F7556}") = "SharpDetect.Extensibility", "Extensibility\SharpDetect.Extensibility\SharpDetect.Extensibility.csproj", "{172D1B4E-5068-4B04-BDE3-6E4BA29E6C3B}"
EndProject
Project("{9A19103F-16F7-4668-BE54-9A1E7A4F7556}") = "SharpDetect.MethodDescriptors", "Extensibility\SharpDetect.MethodDescriptors\SharpDetect.MethodDescriptors.csproj", "{0D1C7AF0-21E5-4422-9A48-EB6B6C4C784A}"
EndProject
Project("{9A19103F-16F7-4668-BE54-9A1E7A4F7556}") = "SharpDetect.Plugins", "Extensibility\SharpDetect.Plugins\SharpDetect.Plugins.csproj", "{EBDB2AE8-187A-4BAF-B474-C94F40A1B969}"
EndProject
Project("{9A19103F-16F7-4668-BE54-9A1E7A4F7556}") = "SharpDetect.Metadata", "SharpDetect.Metadata\SharpDetect.Metadata.csproj", "{C32F6DF1-3D1B-4405-89EB-19271C2A28EB}"
EndProject
Project("{9A19103F-16F7-4668-BE54-9A1E7A4F7556}") = "SharpDetect.Loader", "SharpDetect.Loader\SharpDetect.Loader.csproj", "{5FD94B7D-3668-41B4-8ECE-437D7B2BD6BE}"
EndProject
Project("{9A19103F-16F7-4668-BE54-9A1E7A4F7556}") = "SharpDetect.Reporting", "SharpDetect.Reporting\SharpDetect.Reporting.csproj", "{26C489F9-12C0-4FE3-9F1E-75835FA8F8AD}"
EndProject
Project("{9A19103F-16F7-4668-BE54-9A1E7A4F7556}") = "SimpleDeadlock", "Samples\SimpleDeadlock\SimpleDeadlock.csproj", "{5A1D5FB4-89BA-4591-A636-B79BFA5A139C}"
EndProject
Project("{2150E333-8FDC-42A3-9474-1A3956D46DE8}") = "Samples", "Samples", "{90D7D4DF-1967-4606-91B6-E0210F4F36C7}"
EndProject
Project("{9A19103F-16F7-4668-BE54-9A1E7A4F7556}") = "SharpDetect.InterProcessQueue", "SharpDetect.InterProcessQueue\SharpDetect.InterProcessQueue.csproj", "{F7527A86-283B-4CF7-967D-156F2CDA1653}"
EndProject
Project("{9A19103F-16F7-4668-BE54-9A1E7A4F7556}") = "SharpDetect.Serialization", "SharpDetect.Serialization\SharpDetect.Serialization.csproj", "{DA570D9E-AB5C-4B69-B55D-CD07090B26D4}"
EndProject
Project("{9A19103F-16F7-4668-BE54-9A1E7A4F7556}") = "SharpDetect.E2ETests", "Tests\SharpDetect.E2ETests\SharpDetect.E2ETests.csproj", "{0D7D0BB4-128C-49A8-A0FD-2FBD65BB949E}"
EndProject
Project("{9A19103F-16F7-4668-BE54-9A1E7A4F7556}") = "SharpDetect.E2ETests.Subject", "Tests\SharpDetect.E2ETests.Subject\SharpDetect.E2ETests.Subject.csproj", "{D2FFD494-569A-499E-9898-004A10042B58}"
EndProject
Project("{2150E333-8FDC-42A3-9474-1A3956D46DE8}") = "GitHub", "GitHub", "{C075D1CE-2B09-445F-A37A-263FC4D71160}"
	ProjectSection(SolutionItems) = preProject
		..\.github\workflows\main.yml = ..\.github\workflows\main.yml
	EndProjectSection
EndProject
Global
	GlobalSection(SolutionConfigurationPlatforms) = preSolution
		Debug|Any CPU = Debug|Any CPU
		Release|Any CPU = Release|Any CPU
	EndGlobalSection
	GlobalSection(ProjectConfigurationPlatforms) = postSolution
		{8C900695-6E8F-4278-B698-232F4FCDE693}.Debug|Any CPU.ActiveCfg = Debug|Any CPU
		{8C900695-6E8F-4278-B698-232F4FCDE693}.Debug|Any CPU.Build.0 = Debug|Any CPU
		{8C900695-6E8F-4278-B698-232F4FCDE693}.Release|Any CPU.ActiveCfg = Release|Any CPU
		{8C900695-6E8F-4278-B698-232F4FCDE693}.Release|Any CPU.Build.0 = Release|Any CPU
		{FFC8617B-A439-4E53-88DB-A0513C568B5C}.Debug|Any CPU.ActiveCfg = Debug|Any CPU
		{FFC8617B-A439-4E53-88DB-A0513C568B5C}.Debug|Any CPU.Build.0 = Debug|Any CPU
		{FFC8617B-A439-4E53-88DB-A0513C568B5C}.Release|Any CPU.ActiveCfg = Release|Any CPU
		{FFC8617B-A439-4E53-88DB-A0513C568B5C}.Release|Any CPU.Build.0 = Release|Any CPU
		{172D1B4E-5068-4B04-BDE3-6E4BA29E6C3B}.Debug|Any CPU.ActiveCfg = Debug|Any CPU
		{172D1B4E-5068-4B04-BDE3-6E4BA29E6C3B}.Debug|Any CPU.Build.0 = Debug|Any CPU
		{172D1B4E-5068-4B04-BDE3-6E4BA29E6C3B}.Release|Any CPU.ActiveCfg = Release|Any CPU
		{172D1B4E-5068-4B04-BDE3-6E4BA29E6C3B}.Release|Any CPU.Build.0 = Release|Any CPU
		{0D1C7AF0-21E5-4422-9A48-EB6B6C4C784A}.Debug|Any CPU.ActiveCfg = Debug|Any CPU
		{0D1C7AF0-21E5-4422-9A48-EB6B6C4C784A}.Debug|Any CPU.Build.0 = Debug|Any CPU
		{0D1C7AF0-21E5-4422-9A48-EB6B6C4C784A}.Release|Any CPU.ActiveCfg = Release|Any CPU
		{0D1C7AF0-21E5-4422-9A48-EB6B6C4C784A}.Release|Any CPU.Build.0 = Release|Any CPU
		{EBDB2AE8-187A-4BAF-B474-C94F40A1B969}.Debug|Any CPU.ActiveCfg = Debug|Any CPU
		{EBDB2AE8-187A-4BAF-B474-C94F40A1B969}.Debug|Any CPU.Build.0 = Debug|Any CPU
		{EBDB2AE8-187A-4BAF-B474-C94F40A1B969}.Release|Any CPU.ActiveCfg = Release|Any CPU
		{EBDB2AE8-187A-4BAF-B474-C94F40A1B969}.Release|Any CPU.Build.0 = Release|Any CPU
		{C32F6DF1-3D1B-4405-89EB-19271C2A28EB}.Debug|Any CPU.ActiveCfg = Debug|Any CPU
		{C32F6DF1-3D1B-4405-89EB-19271C2A28EB}.Debug|Any CPU.Build.0 = Debug|Any CPU
		{C32F6DF1-3D1B-4405-89EB-19271C2A28EB}.Release|Any CPU.ActiveCfg = Release|Any CPU
		{C32F6DF1-3D1B-4405-89EB-19271C2A28EB}.Release|Any CPU.Build.0 = Release|Any CPU
		{5FD94B7D-3668-41B4-8ECE-437D7B2BD6BE}.Debug|Any CPU.ActiveCfg = Debug|Any CPU
		{5FD94B7D-3668-41B4-8ECE-437D7B2BD6BE}.Debug|Any CPU.Build.0 = Debug|Any CPU
		{5FD94B7D-3668-41B4-8ECE-437D7B2BD6BE}.Release|Any CPU.ActiveCfg = Release|Any CPU
		{5FD94B7D-3668-41B4-8ECE-437D7B2BD6BE}.Release|Any CPU.Build.0 = Release|Any CPU
		{26C489F9-12C0-4FE3-9F1E-75835FA8F8AD}.Debug|Any CPU.ActiveCfg = Debug|Any CPU
		{26C489F9-12C0-4FE3-9F1E-75835FA8F8AD}.Debug|Any CPU.Build.0 = Debug|Any CPU
		{26C489F9-12C0-4FE3-9F1E-75835FA8F8AD}.Release|Any CPU.ActiveCfg = Release|Any CPU
		{26C489F9-12C0-4FE3-9F1E-75835FA8F8AD}.Release|Any CPU.Build.0 = Release|Any CPU
		{5A1D5FB4-89BA-4591-A636-B79BFA5A139C}.Debug|Any CPU.ActiveCfg = Debug|Any CPU
		{5A1D5FB4-89BA-4591-A636-B79BFA5A139C}.Debug|Any CPU.Build.0 = Debug|Any CPU
		{5A1D5FB4-89BA-4591-A636-B79BFA5A139C}.Release|Any CPU.ActiveCfg = Release|Any CPU
		{5A1D5FB4-89BA-4591-A636-B79BFA5A139C}.Release|Any CPU.Build.0 = Release|Any CPU
		{F7527A86-283B-4CF7-967D-156F2CDA1653}.Debug|Any CPU.ActiveCfg = Debug|Any CPU
		{F7527A86-283B-4CF7-967D-156F2CDA1653}.Debug|Any CPU.Build.0 = Debug|Any CPU
		{F7527A86-283B-4CF7-967D-156F2CDA1653}.Release|Any CPU.ActiveCfg = Release|Any CPU
		{F7527A86-283B-4CF7-967D-156F2CDA1653}.Release|Any CPU.Build.0 = Release|Any CPU
		{DA570D9E-AB5C-4B69-B55D-CD07090B26D4}.Debug|Any CPU.ActiveCfg = Debug|Any CPU
		{DA570D9E-AB5C-4B69-B55D-CD07090B26D4}.Debug|Any CPU.Build.0 = Debug|Any CPU
		{DA570D9E-AB5C-4B69-B55D-CD07090B26D4}.Release|Any CPU.ActiveCfg = Release|Any CPU
		{DA570D9E-AB5C-4B69-B55D-CD07090B26D4}.Release|Any CPU.Build.0 = Release|Any CPU
		{0D7D0BB4-128C-49A8-A0FD-2FBD65BB949E}.Debug|Any CPU.ActiveCfg = Debug|Any CPU
		{0D7D0BB4-128C-49A8-A0FD-2FBD65BB949E}.Debug|Any CPU.Build.0 = Debug|Any CPU
		{0D7D0BB4-128C-49A8-A0FD-2FBD65BB949E}.Release|Any CPU.ActiveCfg = Release|Any CPU
		{0D7D0BB4-128C-49A8-A0FD-2FBD65BB949E}.Release|Any CPU.Build.0 = Release|Any CPU
		{D2FFD494-569A-499E-9898-004A10042B58}.Debug|Any CPU.ActiveCfg = Debug|Any CPU
		{D2FFD494-569A-499E-9898-004A10042B58}.Debug|Any CPU.Build.0 = Debug|Any CPU
		{D2FFD494-569A-499E-9898-004A10042B58}.Release|Any CPU.ActiveCfg = Release|Any CPU
		{D2FFD494-569A-499E-9898-004A10042B58}.Release|Any CPU.Build.0 = Release|Any CPU
	EndGlobalSection
	GlobalSection(SolutionProperties) = preSolution
		HideSolutionNode = FALSE
	EndGlobalSection
	GlobalSection(NestedProjects) = preSolution
		{172D1B4E-5068-4B04-BDE3-6E4BA29E6C3B} = {DDDE2C8F-D130-4B27-A8A9-D12F55098A39}
		{0D1C7AF0-21E5-4422-9A48-EB6B6C4C784A} = {DDDE2C8F-D130-4B27-A8A9-D12F55098A39}
		{EBDB2AE8-187A-4BAF-B474-C94F40A1B969} = {DDDE2C8F-D130-4B27-A8A9-D12F55098A39}
		{5A1D5FB4-89BA-4591-A636-B79BFA5A139C} = {90D7D4DF-1967-4606-91B6-E0210F4F36C7}
		{0D7D0BB4-128C-49A8-A0FD-2FBD65BB949E} = {4158D903-2A66-4347-83D7-FDCFC4F5A884}
		{D2FFD494-569A-499E-9898-004A10042B58} = {4158D903-2A66-4347-83D7-FDCFC4F5A884}
	EndGlobalSection
	GlobalSection(ExtensibilityGlobals) = postSolution
		SolutionGuid = {85DE1FF1-4319-481E-AB39-C52687E142FA}
	EndGlobalSection
EndGlobal
