
Microsoft Visual Studio Solution File, Format Version 12.00
# Visual Studio Version 17
VisualStudioVersion = 17.0.31903.59
MinimumVisualStudioVersion = 10.0.40219.1
Project("{9A19103F-16F7-4668-BE54-9A1E7A4F7556}") = "SharpDetect.Console", "SharpDetect.Console\SharpDetect.Console.csproj", "{5F2A4ADC-CAFF-4961-A7AF-293AE99E2128}"
EndProject
Project("{9A19103F-16F7-4668-BE54-9A1E7A4F7556}") = "SharpDetect.Core", "SharpDetect.Core\SharpDetect.Core.csproj", "{EC09EDB5-B212-4E8E-8011-7C403C7DF120}"
EndProject
Project("{9A19103F-16F7-4668-BE54-9A1E7A4F7556}") = "SharpDetect.Common", "SharpDetect.Common\SharpDetect.Common.csproj", "{EFFBDA21-B3D6-4D84-8359-428619BBE81C}"
EndProject
Project("{9A19103F-16F7-4668-BE54-9A1E7A4F7556}") = "SharpDetect.Loader", "SharpDetect.Loader\SharpDetect.Loader.csproj", "{3FD50255-8567-4101-8B30-891D6351EBDD}"
EndProject
Project("{9A19103F-16F7-4668-BE54-9A1E7A4F7556}") = "SharpDetect.Instrumentation", "SharpDetect.Instrumentation\SharpDetect.Instrumentation.csproj", "{AC3AEDC7-4186-4B9C-99FF-6FB5FF3A1A43}"
EndProject
Project("{2150E333-8FDC-42A3-9474-1A3956D46DE8}") = "Tests", "Tests", "{37920ECD-3A0D-42BA-820E-FACBED7A79CE}"
EndProject
Project("{9A19103F-16F7-4668-BE54-9A1E7A4F7556}") = "SharpDetect.UnitTests", "Tests\SharpDetect.UnitTests\SharpDetect.UnitTests.csproj", "{16965B78-B852-4546-B32D-3CA7446E836A}"
EndProject
Project("{9A19103F-16F7-4668-BE54-9A1E7A4F7556}") = "SharpDetect.Metadata", "SharpDetect.Metadata\SharpDetect.Metadata.csproj", "{412A4AC3-9F4F-4BC6-A5F5-EE0EE8CE613C}"
EndProject
Project("{9A19103F-16F7-4668-BE54-9A1E7A4F7556}") = "SharpDetect.Dnlib.Extensions", "SharpDetect.Dnlib.Extensions\SharpDetect.Dnlib.Extensions.csproj", "{E9E05057-9920-4134-A5FF-178498C51FF2}"
EndProject
Project("{9A19103F-16F7-4668-BE54-9A1E7A4F7556}") = "SharpDetect.Plugins", "SharpDetect.Plugins\SharpDetect.Plugins.csproj", "{A57F32C0-AC75-4E83-8A61-442D98BA710B}"
EndProject
Project("{9A19103F-16F7-4668-BE54-9A1E7A4F7556}") = "SharpDetect.E2ETests", "Tests\SharpDetect.E2ETests\SharpDetect.E2ETests.csproj", "{62A052A3-F06F-49E5-858C-317F97864DBB}"
EndProject
Project("{9A19103F-16F7-4668-BE54-9A1E7A4F7556}") = "SharpDetect.E2ETests.Subject", "Tests\SharpDetect.E2ETests.Subject\SharpDetect.E2ETests.Subject.csproj", "{30568BDA-0386-4691-AD2F-0FFFD6E90A08}"
EndProject
Project("{9A19103F-16F7-4668-BE54-9A1E7A4F7556}") = "SharpDetect.ProtocolBuffers", "SharpDetect.ProtocolBuffers\SharpDetect.ProtocolBuffers.csproj", "{A3F37C0E-9E14-4E4C-B057-65E3D5F7CE20}"
EndProject
Project("{2150E333-8FDC-42A3-9474-1A3956D46DE8}") = "Generators", "Generators", "{8D995227-E1E0-475D-9BB8-5E8939D7068D}"
EndProject
Project("{9A19103F-16F7-4668-BE54-9A1E7A4F7556}") = "NativeObjectsSourceGenerator", "Generators\NativeObjectsSourceGenerator\NativeObjectsSourceGenerator.csproj", "{C7CD16A1-8A90-46E6-AF32-B3EFC1B99945}"
EndProject
Project("{9A19103F-16F7-4668-BE54-9A1E7A4F7556}") = "SharpDetect.Profiler", "SharpDetect.Profiler\SharpDetect.Profiler.csproj", "{3604911F-C80E-405F-B034-75AE21A5B203}"
EndProject
Project("{2150E333-8FDC-42A3-9474-1A3956D46DE8}") = ".github", ".github", "{402265AE-A8DF-4567-A2F0-5F196E488766}"
	ProjectSection(SolutionItems) = preProject
		..\.github\workflows\main.yml = ..\.github\workflows\main.yml
		..\.github\workflows\publish.yml = ..\.github\workflows\publish.yml
	EndProjectSection
EndProject
Project("{FAE04EC0-301F-11D3-BF4B-00C04F79EFBC}") = "SharpDetect.Profiler.Common", "SharpDetect.Profiler.Common\SharpDetect.Profiler.Common.csproj", "{DB846EBF-151F-41B9-828D-50BF4C1DCA07}"
EndProject
Global
	GlobalSection(SolutionConfigurationPlatforms) = preSolution
		Debug|Any CPU = Debug|Any CPU
		Debug|x64 = Debug|x64
		MinSizeRel|Any CPU = MinSizeRel|Any CPU
		MinSizeRel|x64 = MinSizeRel|x64
		Release|Any CPU = Release|Any CPU
		Release|x64 = Release|x64
		RelWithDebInfo|Any CPU = RelWithDebInfo|Any CPU
		RelWithDebInfo|x64 = RelWithDebInfo|x64
	EndGlobalSection
	GlobalSection(ProjectConfigurationPlatforms) = postSolution
		{5F2A4ADC-CAFF-4961-A7AF-293AE99E2128}.Debug|Any CPU.ActiveCfg = Debug|Any CPU
		{5F2A4ADC-CAFF-4961-A7AF-293AE99E2128}.Debug|Any CPU.Build.0 = Debug|Any CPU
		{5F2A4ADC-CAFF-4961-A7AF-293AE99E2128}.Debug|x64.ActiveCfg = Debug|Any CPU
		{5F2A4ADC-CAFF-4961-A7AF-293AE99E2128}.Debug|x64.Build.0 = Debug|Any CPU
		{5F2A4ADC-CAFF-4961-A7AF-293AE99E2128}.MinSizeRel|Any CPU.ActiveCfg = Release|Any CPU
		{5F2A4ADC-CAFF-4961-A7AF-293AE99E2128}.MinSizeRel|Any CPU.Build.0 = Release|Any CPU
		{5F2A4ADC-CAFF-4961-A7AF-293AE99E2128}.MinSizeRel|x64.ActiveCfg = Release|Any CPU
		{5F2A4ADC-CAFF-4961-A7AF-293AE99E2128}.MinSizeRel|x64.Build.0 = Release|Any CPU
		{5F2A4ADC-CAFF-4961-A7AF-293AE99E2128}.Release|Any CPU.ActiveCfg = Release|Any CPU
		{5F2A4ADC-CAFF-4961-A7AF-293AE99E2128}.Release|Any CPU.Build.0 = Release|Any CPU
		{5F2A4ADC-CAFF-4961-A7AF-293AE99E2128}.Release|x64.ActiveCfg = Release|Any CPU
		{5F2A4ADC-CAFF-4961-A7AF-293AE99E2128}.Release|x64.Build.0 = Release|Any CPU
		{5F2A4ADC-CAFF-4961-A7AF-293AE99E2128}.RelWithDebInfo|Any CPU.ActiveCfg = Release|Any CPU
		{5F2A4ADC-CAFF-4961-A7AF-293AE99E2128}.RelWithDebInfo|Any CPU.Build.0 = Release|Any CPU
		{5F2A4ADC-CAFF-4961-A7AF-293AE99E2128}.RelWithDebInfo|x64.ActiveCfg = Release|Any CPU
		{5F2A4ADC-CAFF-4961-A7AF-293AE99E2128}.RelWithDebInfo|x64.Build.0 = Release|Any CPU
		{EC09EDB5-B212-4E8E-8011-7C403C7DF120}.Debug|Any CPU.ActiveCfg = Debug|Any CPU
		{EC09EDB5-B212-4E8E-8011-7C403C7DF120}.Debug|Any CPU.Build.0 = Debug|Any CPU
		{EC09EDB5-B212-4E8E-8011-7C403C7DF120}.Debug|x64.ActiveCfg = Debug|Any CPU
		{EC09EDB5-B212-4E8E-8011-7C403C7DF120}.Debug|x64.Build.0 = Debug|Any CPU
		{EC09EDB5-B212-4E8E-8011-7C403C7DF120}.MinSizeRel|Any CPU.ActiveCfg = Release|Any CPU
		{EC09EDB5-B212-4E8E-8011-7C403C7DF120}.MinSizeRel|Any CPU.Build.0 = Release|Any CPU
		{EC09EDB5-B212-4E8E-8011-7C403C7DF120}.MinSizeRel|x64.ActiveCfg = Release|Any CPU
		{EC09EDB5-B212-4E8E-8011-7C403C7DF120}.MinSizeRel|x64.Build.0 = Release|Any CPU
		{EC09EDB5-B212-4E8E-8011-7C403C7DF120}.Release|Any CPU.ActiveCfg = Release|Any CPU
		{EC09EDB5-B212-4E8E-8011-7C403C7DF120}.Release|Any CPU.Build.0 = Release|Any CPU
		{EC09EDB5-B212-4E8E-8011-7C403C7DF120}.Release|x64.ActiveCfg = Release|Any CPU
		{EC09EDB5-B212-4E8E-8011-7C403C7DF120}.Release|x64.Build.0 = Release|Any CPU
		{EC09EDB5-B212-4E8E-8011-7C403C7DF120}.RelWithDebInfo|Any CPU.ActiveCfg = Release|Any CPU
		{EC09EDB5-B212-4E8E-8011-7C403C7DF120}.RelWithDebInfo|Any CPU.Build.0 = Release|Any CPU
		{EC09EDB5-B212-4E8E-8011-7C403C7DF120}.RelWithDebInfo|x64.ActiveCfg = Release|Any CPU
		{EC09EDB5-B212-4E8E-8011-7C403C7DF120}.RelWithDebInfo|x64.Build.0 = Release|Any CPU
		{EFFBDA21-B3D6-4D84-8359-428619BBE81C}.Debug|Any CPU.ActiveCfg = Debug|Any CPU
		{EFFBDA21-B3D6-4D84-8359-428619BBE81C}.Debug|Any CPU.Build.0 = Debug|Any CPU
		{EFFBDA21-B3D6-4D84-8359-428619BBE81C}.Debug|x64.ActiveCfg = Debug|Any CPU
		{EFFBDA21-B3D6-4D84-8359-428619BBE81C}.Debug|x64.Build.0 = Debug|Any CPU
		{EFFBDA21-B3D6-4D84-8359-428619BBE81C}.MinSizeRel|Any CPU.ActiveCfg = Release|Any CPU
		{EFFBDA21-B3D6-4D84-8359-428619BBE81C}.MinSizeRel|Any CPU.Build.0 = Release|Any CPU
		{EFFBDA21-B3D6-4D84-8359-428619BBE81C}.MinSizeRel|x64.ActiveCfg = Release|Any CPU
		{EFFBDA21-B3D6-4D84-8359-428619BBE81C}.MinSizeRel|x64.Build.0 = Release|Any CPU
		{EFFBDA21-B3D6-4D84-8359-428619BBE81C}.Release|Any CPU.ActiveCfg = Release|Any CPU
		{EFFBDA21-B3D6-4D84-8359-428619BBE81C}.Release|Any CPU.Build.0 = Release|Any CPU
		{EFFBDA21-B3D6-4D84-8359-428619BBE81C}.Release|x64.ActiveCfg = Release|Any CPU
		{EFFBDA21-B3D6-4D84-8359-428619BBE81C}.Release|x64.Build.0 = Release|Any CPU
		{EFFBDA21-B3D6-4D84-8359-428619BBE81C}.RelWithDebInfo|Any CPU.ActiveCfg = Release|Any CPU
		{EFFBDA21-B3D6-4D84-8359-428619BBE81C}.RelWithDebInfo|Any CPU.Build.0 = Release|Any CPU
		{EFFBDA21-B3D6-4D84-8359-428619BBE81C}.RelWithDebInfo|x64.ActiveCfg = Release|Any CPU
		{EFFBDA21-B3D6-4D84-8359-428619BBE81C}.RelWithDebInfo|x64.Build.0 = Release|Any CPU
		{3FD50255-8567-4101-8B30-891D6351EBDD}.Debug|Any CPU.ActiveCfg = Debug|Any CPU
		{3FD50255-8567-4101-8B30-891D6351EBDD}.Debug|Any CPU.Build.0 = Debug|Any CPU
		{3FD50255-8567-4101-8B30-891D6351EBDD}.Debug|x64.ActiveCfg = Debug|Any CPU
		{3FD50255-8567-4101-8B30-891D6351EBDD}.Debug|x64.Build.0 = Debug|Any CPU
		{3FD50255-8567-4101-8B30-891D6351EBDD}.MinSizeRel|Any CPU.ActiveCfg = Release|Any CPU
		{3FD50255-8567-4101-8B30-891D6351EBDD}.MinSizeRel|Any CPU.Build.0 = Release|Any CPU
		{3FD50255-8567-4101-8B30-891D6351EBDD}.MinSizeRel|x64.ActiveCfg = Release|Any CPU
		{3FD50255-8567-4101-8B30-891D6351EBDD}.MinSizeRel|x64.Build.0 = Release|Any CPU
		{3FD50255-8567-4101-8B30-891D6351EBDD}.Release|Any CPU.ActiveCfg = Release|Any CPU
		{3FD50255-8567-4101-8B30-891D6351EBDD}.Release|Any CPU.Build.0 = Release|Any CPU
		{3FD50255-8567-4101-8B30-891D6351EBDD}.Release|x64.ActiveCfg = Release|Any CPU
		{3FD50255-8567-4101-8B30-891D6351EBDD}.Release|x64.Build.0 = Release|Any CPU
		{3FD50255-8567-4101-8B30-891D6351EBDD}.RelWithDebInfo|Any CPU.ActiveCfg = Release|Any CPU
		{3FD50255-8567-4101-8B30-891D6351EBDD}.RelWithDebInfo|Any CPU.Build.0 = Release|Any CPU
		{3FD50255-8567-4101-8B30-891D6351EBDD}.RelWithDebInfo|x64.ActiveCfg = Release|Any CPU
		{3FD50255-8567-4101-8B30-891D6351EBDD}.RelWithDebInfo|x64.Build.0 = Release|Any CPU
		{AC3AEDC7-4186-4B9C-99FF-6FB5FF3A1A43}.Debug|Any CPU.ActiveCfg = Debug|Any CPU
		{AC3AEDC7-4186-4B9C-99FF-6FB5FF3A1A43}.Debug|Any CPU.Build.0 = Debug|Any CPU
		{AC3AEDC7-4186-4B9C-99FF-6FB5FF3A1A43}.Debug|x64.ActiveCfg = Debug|Any CPU
		{AC3AEDC7-4186-4B9C-99FF-6FB5FF3A1A43}.Debug|x64.Build.0 = Debug|Any CPU
		{AC3AEDC7-4186-4B9C-99FF-6FB5FF3A1A43}.MinSizeRel|Any CPU.ActiveCfg = Release|Any CPU
		{AC3AEDC7-4186-4B9C-99FF-6FB5FF3A1A43}.MinSizeRel|Any CPU.Build.0 = Release|Any CPU
		{AC3AEDC7-4186-4B9C-99FF-6FB5FF3A1A43}.MinSizeRel|x64.ActiveCfg = Release|Any CPU
		{AC3AEDC7-4186-4B9C-99FF-6FB5FF3A1A43}.MinSizeRel|x64.Build.0 = Release|Any CPU
		{AC3AEDC7-4186-4B9C-99FF-6FB5FF3A1A43}.Release|Any CPU.ActiveCfg = Release|Any CPU
		{AC3AEDC7-4186-4B9C-99FF-6FB5FF3A1A43}.Release|Any CPU.Build.0 = Release|Any CPU
		{AC3AEDC7-4186-4B9C-99FF-6FB5FF3A1A43}.Release|x64.ActiveCfg = Release|Any CPU
		{AC3AEDC7-4186-4B9C-99FF-6FB5FF3A1A43}.Release|x64.Build.0 = Release|Any CPU
		{AC3AEDC7-4186-4B9C-99FF-6FB5FF3A1A43}.RelWithDebInfo|Any CPU.ActiveCfg = Release|Any CPU
		{AC3AEDC7-4186-4B9C-99FF-6FB5FF3A1A43}.RelWithDebInfo|Any CPU.Build.0 = Release|Any CPU
		{AC3AEDC7-4186-4B9C-99FF-6FB5FF3A1A43}.RelWithDebInfo|x64.ActiveCfg = Release|Any CPU
		{AC3AEDC7-4186-4B9C-99FF-6FB5FF3A1A43}.RelWithDebInfo|x64.Build.0 = Release|Any CPU
		{16965B78-B852-4546-B32D-3CA7446E836A}.Debug|Any CPU.ActiveCfg = Debug|Any CPU
		{16965B78-B852-4546-B32D-3CA7446E836A}.Debug|Any CPU.Build.0 = Debug|Any CPU
		{16965B78-B852-4546-B32D-3CA7446E836A}.Debug|x64.ActiveCfg = Debug|Any CPU
		{16965B78-B852-4546-B32D-3CA7446E836A}.Debug|x64.Build.0 = Debug|Any CPU
		{16965B78-B852-4546-B32D-3CA7446E836A}.MinSizeRel|Any CPU.ActiveCfg = Release|Any CPU
		{16965B78-B852-4546-B32D-3CA7446E836A}.MinSizeRel|Any CPU.Build.0 = Release|Any CPU
		{16965B78-B852-4546-B32D-3CA7446E836A}.MinSizeRel|x64.ActiveCfg = Release|Any CPU
		{16965B78-B852-4546-B32D-3CA7446E836A}.MinSizeRel|x64.Build.0 = Release|Any CPU
		{16965B78-B852-4546-B32D-3CA7446E836A}.Release|Any CPU.ActiveCfg = Release|Any CPU
		{16965B78-B852-4546-B32D-3CA7446E836A}.Release|Any CPU.Build.0 = Release|Any CPU
		{16965B78-B852-4546-B32D-3CA7446E836A}.Release|x64.ActiveCfg = Release|Any CPU
		{16965B78-B852-4546-B32D-3CA7446E836A}.Release|x64.Build.0 = Release|Any CPU
		{16965B78-B852-4546-B32D-3CA7446E836A}.RelWithDebInfo|Any CPU.ActiveCfg = Release|Any CPU
		{16965B78-B852-4546-B32D-3CA7446E836A}.RelWithDebInfo|Any CPU.Build.0 = Release|Any CPU
		{16965B78-B852-4546-B32D-3CA7446E836A}.RelWithDebInfo|x64.ActiveCfg = Release|Any CPU
		{16965B78-B852-4546-B32D-3CA7446E836A}.RelWithDebInfo|x64.Build.0 = Release|Any CPU
		{412A4AC3-9F4F-4BC6-A5F5-EE0EE8CE613C}.Debug|Any CPU.ActiveCfg = Debug|Any CPU
		{412A4AC3-9F4F-4BC6-A5F5-EE0EE8CE613C}.Debug|Any CPU.Build.0 = Debug|Any CPU
		{412A4AC3-9F4F-4BC6-A5F5-EE0EE8CE613C}.Debug|x64.ActiveCfg = Debug|Any CPU
		{412A4AC3-9F4F-4BC6-A5F5-EE0EE8CE613C}.Debug|x64.Build.0 = Debug|Any CPU
		{412A4AC3-9F4F-4BC6-A5F5-EE0EE8CE613C}.MinSizeRel|Any CPU.ActiveCfg = Release|Any CPU
		{412A4AC3-9F4F-4BC6-A5F5-EE0EE8CE613C}.MinSizeRel|Any CPU.Build.0 = Release|Any CPU
		{412A4AC3-9F4F-4BC6-A5F5-EE0EE8CE613C}.MinSizeRel|x64.ActiveCfg = Release|Any CPU
		{412A4AC3-9F4F-4BC6-A5F5-EE0EE8CE613C}.MinSizeRel|x64.Build.0 = Release|Any CPU
		{412A4AC3-9F4F-4BC6-A5F5-EE0EE8CE613C}.Release|Any CPU.ActiveCfg = Release|Any CPU
		{412A4AC3-9F4F-4BC6-A5F5-EE0EE8CE613C}.Release|Any CPU.Build.0 = Release|Any CPU
		{412A4AC3-9F4F-4BC6-A5F5-EE0EE8CE613C}.Release|x64.ActiveCfg = Release|Any CPU
		{412A4AC3-9F4F-4BC6-A5F5-EE0EE8CE613C}.Release|x64.Build.0 = Release|Any CPU
		{412A4AC3-9F4F-4BC6-A5F5-EE0EE8CE613C}.RelWithDebInfo|Any CPU.ActiveCfg = Release|Any CPU
		{412A4AC3-9F4F-4BC6-A5F5-EE0EE8CE613C}.RelWithDebInfo|Any CPU.Build.0 = Release|Any CPU
		{412A4AC3-9F4F-4BC6-A5F5-EE0EE8CE613C}.RelWithDebInfo|x64.ActiveCfg = Release|Any CPU
		{412A4AC3-9F4F-4BC6-A5F5-EE0EE8CE613C}.RelWithDebInfo|x64.Build.0 = Release|Any CPU
		{E9E05057-9920-4134-A5FF-178498C51FF2}.Debug|Any CPU.ActiveCfg = Debug|Any CPU
		{E9E05057-9920-4134-A5FF-178498C51FF2}.Debug|Any CPU.Build.0 = Debug|Any CPU
		{E9E05057-9920-4134-A5FF-178498C51FF2}.Debug|x64.ActiveCfg = Debug|Any CPU
		{E9E05057-9920-4134-A5FF-178498C51FF2}.Debug|x64.Build.0 = Debug|Any CPU
		{E9E05057-9920-4134-A5FF-178498C51FF2}.MinSizeRel|Any CPU.ActiveCfg = Release|Any CPU
		{E9E05057-9920-4134-A5FF-178498C51FF2}.MinSizeRel|Any CPU.Build.0 = Release|Any CPU
		{E9E05057-9920-4134-A5FF-178498C51FF2}.MinSizeRel|x64.ActiveCfg = Release|Any CPU
		{E9E05057-9920-4134-A5FF-178498C51FF2}.MinSizeRel|x64.Build.0 = Release|Any CPU
		{E9E05057-9920-4134-A5FF-178498C51FF2}.Release|Any CPU.ActiveCfg = Release|Any CPU
		{E9E05057-9920-4134-A5FF-178498C51FF2}.Release|Any CPU.Build.0 = Release|Any CPU
		{E9E05057-9920-4134-A5FF-178498C51FF2}.Release|x64.ActiveCfg = Release|Any CPU
		{E9E05057-9920-4134-A5FF-178498C51FF2}.Release|x64.Build.0 = Release|Any CPU
		{E9E05057-9920-4134-A5FF-178498C51FF2}.RelWithDebInfo|Any CPU.ActiveCfg = Release|Any CPU
		{E9E05057-9920-4134-A5FF-178498C51FF2}.RelWithDebInfo|Any CPU.Build.0 = Release|Any CPU
		{E9E05057-9920-4134-A5FF-178498C51FF2}.RelWithDebInfo|x64.ActiveCfg = Release|Any CPU
		{E9E05057-9920-4134-A5FF-178498C51FF2}.RelWithDebInfo|x64.Build.0 = Release|Any CPU
		{A57F32C0-AC75-4E83-8A61-442D98BA710B}.Debug|Any CPU.ActiveCfg = Debug|Any CPU
		{A57F32C0-AC75-4E83-8A61-442D98BA710B}.Debug|Any CPU.Build.0 = Debug|Any CPU
		{A57F32C0-AC75-4E83-8A61-442D98BA710B}.Debug|x64.ActiveCfg = Debug|Any CPU
		{A57F32C0-AC75-4E83-8A61-442D98BA710B}.Debug|x64.Build.0 = Debug|Any CPU
		{A57F32C0-AC75-4E83-8A61-442D98BA710B}.MinSizeRel|Any CPU.ActiveCfg = Release|Any CPU
		{A57F32C0-AC75-4E83-8A61-442D98BA710B}.MinSizeRel|Any CPU.Build.0 = Release|Any CPU
		{A57F32C0-AC75-4E83-8A61-442D98BA710B}.MinSizeRel|x64.ActiveCfg = Release|Any CPU
		{A57F32C0-AC75-4E83-8A61-442D98BA710B}.MinSizeRel|x64.Build.0 = Release|Any CPU
		{A57F32C0-AC75-4E83-8A61-442D98BA710B}.Release|Any CPU.ActiveCfg = Release|Any CPU
		{A57F32C0-AC75-4E83-8A61-442D98BA710B}.Release|Any CPU.Build.0 = Release|Any CPU
		{A57F32C0-AC75-4E83-8A61-442D98BA710B}.Release|x64.ActiveCfg = Release|Any CPU
		{A57F32C0-AC75-4E83-8A61-442D98BA710B}.Release|x64.Build.0 = Release|Any CPU
		{A57F32C0-AC75-4E83-8A61-442D98BA710B}.RelWithDebInfo|Any CPU.ActiveCfg = Release|Any CPU
		{A57F32C0-AC75-4E83-8A61-442D98BA710B}.RelWithDebInfo|Any CPU.Build.0 = Release|Any CPU
		{A57F32C0-AC75-4E83-8A61-442D98BA710B}.RelWithDebInfo|x64.ActiveCfg = Release|Any CPU
		{A57F32C0-AC75-4E83-8A61-442D98BA710B}.RelWithDebInfo|x64.Build.0 = Release|Any CPU
		{62A052A3-F06F-49E5-858C-317F97864DBB}.Debug|Any CPU.ActiveCfg = Debug|Any CPU
		{62A052A3-F06F-49E5-858C-317F97864DBB}.Debug|Any CPU.Build.0 = Debug|Any CPU
		{62A052A3-F06F-49E5-858C-317F97864DBB}.Debug|x64.ActiveCfg = Debug|Any CPU
		{62A052A3-F06F-49E5-858C-317F97864DBB}.Debug|x64.Build.0 = Debug|Any CPU
		{62A052A3-F06F-49E5-858C-317F97864DBB}.MinSizeRel|Any CPU.ActiveCfg = Debug|Any CPU
		{62A052A3-F06F-49E5-858C-317F97864DBB}.MinSizeRel|Any CPU.Build.0 = Debug|Any CPU
		{62A052A3-F06F-49E5-858C-317F97864DBB}.MinSizeRel|x64.ActiveCfg = Debug|Any CPU
		{62A052A3-F06F-49E5-858C-317F97864DBB}.MinSizeRel|x64.Build.0 = Debug|Any CPU
		{62A052A3-F06F-49E5-858C-317F97864DBB}.Release|Any CPU.ActiveCfg = Release|Any CPU
		{62A052A3-F06F-49E5-858C-317F97864DBB}.Release|Any CPU.Build.0 = Release|Any CPU
		{62A052A3-F06F-49E5-858C-317F97864DBB}.Release|x64.ActiveCfg = Release|Any CPU
		{62A052A3-F06F-49E5-858C-317F97864DBB}.Release|x64.Build.0 = Release|Any CPU
		{62A052A3-F06F-49E5-858C-317F97864DBB}.RelWithDebInfo|Any CPU.ActiveCfg = Release|Any CPU
		{62A052A3-F06F-49E5-858C-317F97864DBB}.RelWithDebInfo|Any CPU.Build.0 = Release|Any CPU
		{62A052A3-F06F-49E5-858C-317F97864DBB}.RelWithDebInfo|x64.ActiveCfg = Release|Any CPU
		{62A052A3-F06F-49E5-858C-317F97864DBB}.RelWithDebInfo|x64.Build.0 = Release|Any CPU
		{30568BDA-0386-4691-AD2F-0FFFD6E90A08}.Debug|Any CPU.ActiveCfg = Debug|Any CPU
		{30568BDA-0386-4691-AD2F-0FFFD6E90A08}.Debug|Any CPU.Build.0 = Debug|Any CPU
		{30568BDA-0386-4691-AD2F-0FFFD6E90A08}.Debug|x64.ActiveCfg = Debug|Any CPU
		{30568BDA-0386-4691-AD2F-0FFFD6E90A08}.Debug|x64.Build.0 = Debug|Any CPU
		{30568BDA-0386-4691-AD2F-0FFFD6E90A08}.MinSizeRel|Any CPU.ActiveCfg = Debug|Any CPU
		{30568BDA-0386-4691-AD2F-0FFFD6E90A08}.MinSizeRel|Any CPU.Build.0 = Debug|Any CPU
		{30568BDA-0386-4691-AD2F-0FFFD6E90A08}.MinSizeRel|x64.ActiveCfg = Debug|Any CPU
		{30568BDA-0386-4691-AD2F-0FFFD6E90A08}.MinSizeRel|x64.Build.0 = Debug|Any CPU
		{30568BDA-0386-4691-AD2F-0FFFD6E90A08}.Release|Any CPU.ActiveCfg = Release|Any CPU
		{30568BDA-0386-4691-AD2F-0FFFD6E90A08}.Release|Any CPU.Build.0 = Release|Any CPU
		{30568BDA-0386-4691-AD2F-0FFFD6E90A08}.Release|x64.ActiveCfg = Release|Any CPU
		{30568BDA-0386-4691-AD2F-0FFFD6E90A08}.Release|x64.Build.0 = Release|Any CPU
		{30568BDA-0386-4691-AD2F-0FFFD6E90A08}.RelWithDebInfo|Any CPU.ActiveCfg = Release|Any CPU
		{30568BDA-0386-4691-AD2F-0FFFD6E90A08}.RelWithDebInfo|Any CPU.Build.0 = Release|Any CPU
		{30568BDA-0386-4691-AD2F-0FFFD6E90A08}.RelWithDebInfo|x64.ActiveCfg = Release|Any CPU
		{30568BDA-0386-4691-AD2F-0FFFD6E90A08}.RelWithDebInfo|x64.Build.0 = Release|Any CPU
		{A3F37C0E-9E14-4E4C-B057-65E3D5F7CE20}.Debug|Any CPU.ActiveCfg = Debug|Any CPU
		{A3F37C0E-9E14-4E4C-B057-65E3D5F7CE20}.Debug|Any CPU.Build.0 = Debug|Any CPU
		{A3F37C0E-9E14-4E4C-B057-65E3D5F7CE20}.Debug|x64.ActiveCfg = Debug|Any CPU
		{A3F37C0E-9E14-4E4C-B057-65E3D5F7CE20}.Debug|x64.Build.0 = Debug|Any CPU
		{A3F37C0E-9E14-4E4C-B057-65E3D5F7CE20}.MinSizeRel|Any CPU.ActiveCfg = Debug|Any CPU
		{A3F37C0E-9E14-4E4C-B057-65E3D5F7CE20}.MinSizeRel|Any CPU.Build.0 = Debug|Any CPU
		{A3F37C0E-9E14-4E4C-B057-65E3D5F7CE20}.MinSizeRel|x64.ActiveCfg = Debug|Any CPU
		{A3F37C0E-9E14-4E4C-B057-65E3D5F7CE20}.MinSizeRel|x64.Build.0 = Debug|Any CPU
		{A3F37C0E-9E14-4E4C-B057-65E3D5F7CE20}.Release|Any CPU.ActiveCfg = Release|Any CPU
		{A3F37C0E-9E14-4E4C-B057-65E3D5F7CE20}.Release|Any CPU.Build.0 = Release|Any CPU
		{A3F37C0E-9E14-4E4C-B057-65E3D5F7CE20}.Release|x64.ActiveCfg = Release|Any CPU
		{A3F37C0E-9E14-4E4C-B057-65E3D5F7CE20}.Release|x64.Build.0 = Release|Any CPU
		{A3F37C0E-9E14-4E4C-B057-65E3D5F7CE20}.RelWithDebInfo|Any CPU.ActiveCfg = Release|Any CPU
		{A3F37C0E-9E14-4E4C-B057-65E3D5F7CE20}.RelWithDebInfo|Any CPU.Build.0 = Release|Any CPU
		{A3F37C0E-9E14-4E4C-B057-65E3D5F7CE20}.RelWithDebInfo|x64.ActiveCfg = Release|Any CPU
		{A3F37C0E-9E14-4E4C-B057-65E3D5F7CE20}.RelWithDebInfo|x64.Build.0 = Release|Any CPU
		{C7CD16A1-8A90-46E6-AF32-B3EFC1B99945}.Debug|Any CPU.ActiveCfg = Debug|Any CPU
		{C7CD16A1-8A90-46E6-AF32-B3EFC1B99945}.Debug|Any CPU.Build.0 = Debug|Any CPU
		{C7CD16A1-8A90-46E6-AF32-B3EFC1B99945}.Debug|x64.ActiveCfg = Debug|Any CPU
		{C7CD16A1-8A90-46E6-AF32-B3EFC1B99945}.Debug|x64.Build.0 = Debug|Any CPU
		{C7CD16A1-8A90-46E6-AF32-B3EFC1B99945}.MinSizeRel|Any CPU.ActiveCfg = Debug|Any CPU
		{C7CD16A1-8A90-46E6-AF32-B3EFC1B99945}.MinSizeRel|Any CPU.Build.0 = Debug|Any CPU
		{C7CD16A1-8A90-46E6-AF32-B3EFC1B99945}.MinSizeRel|x64.ActiveCfg = Debug|Any CPU
		{C7CD16A1-8A90-46E6-AF32-B3EFC1B99945}.MinSizeRel|x64.Build.0 = Debug|Any CPU
		{C7CD16A1-8A90-46E6-AF32-B3EFC1B99945}.Release|Any CPU.ActiveCfg = Release|Any CPU
		{C7CD16A1-8A90-46E6-AF32-B3EFC1B99945}.Release|Any CPU.Build.0 = Release|Any CPU
		{C7CD16A1-8A90-46E6-AF32-B3EFC1B99945}.Release|x64.ActiveCfg = Release|Any CPU
		{C7CD16A1-8A90-46E6-AF32-B3EFC1B99945}.Release|x64.Build.0 = Release|Any CPU
		{C7CD16A1-8A90-46E6-AF32-B3EFC1B99945}.RelWithDebInfo|Any CPU.ActiveCfg = Release|Any CPU
		{C7CD16A1-8A90-46E6-AF32-B3EFC1B99945}.RelWithDebInfo|Any CPU.Build.0 = Release|Any CPU
		{C7CD16A1-8A90-46E6-AF32-B3EFC1B99945}.RelWithDebInfo|x64.ActiveCfg = Release|Any CPU
		{C7CD16A1-8A90-46E6-AF32-B3EFC1B99945}.RelWithDebInfo|x64.Build.0 = Release|Any CPU
		{3604911F-C80E-405F-B034-75AE21A5B203}.Debug|Any CPU.ActiveCfg = Debug|Any CPU
		{3604911F-C80E-405F-B034-75AE21A5B203}.Debug|Any CPU.Build.0 = Debug|Any CPU
		{3604911F-C80E-405F-B034-75AE21A5B203}.Debug|x64.ActiveCfg = Debug|Any CPU
		{3604911F-C80E-405F-B034-75AE21A5B203}.Debug|x64.Build.0 = Debug|Any CPU
		{3604911F-C80E-405F-B034-75AE21A5B203}.MinSizeRel|Any CPU.ActiveCfg = Debug|Any CPU
		{3604911F-C80E-405F-B034-75AE21A5B203}.MinSizeRel|Any CPU.Build.0 = Debug|Any CPU
		{3604911F-C80E-405F-B034-75AE21A5B203}.MinSizeRel|x64.ActiveCfg = Debug|Any CPU
		{3604911F-C80E-405F-B034-75AE21A5B203}.MinSizeRel|x64.Build.0 = Debug|Any CPU
		{3604911F-C80E-405F-B034-75AE21A5B203}.Release|Any CPU.ActiveCfg = Release|Any CPU
		{3604911F-C80E-405F-B034-75AE21A5B203}.Release|Any CPU.Build.0 = Release|Any CPU
		{3604911F-C80E-405F-B034-75AE21A5B203}.Release|x64.ActiveCfg = Release|Any CPU
		{3604911F-C80E-405F-B034-75AE21A5B203}.Release|x64.Build.0 = Release|Any CPU
		{3604911F-C80E-405F-B034-75AE21A5B203}.RelWithDebInfo|Any CPU.ActiveCfg = Release|Any CPU
		{3604911F-C80E-405F-B034-75AE21A5B203}.RelWithDebInfo|Any CPU.Build.0 = Release|Any CPU
		{3604911F-C80E-405F-B034-75AE21A5B203}.RelWithDebInfo|x64.ActiveCfg = Release|Any CPU
		{3604911F-C80E-405F-B034-75AE21A5B203}.RelWithDebInfo|x64.Build.0 = Release|Any CPU
		{DB846EBF-151F-41B9-828D-50BF4C1DCA07}.Debug|Any CPU.ActiveCfg = Debug|Any CPU
		{DB846EBF-151F-41B9-828D-50BF4C1DCA07}.Debug|Any CPU.Build.0 = Debug|Any CPU
		{DB846EBF-151F-41B9-828D-50BF4C1DCA07}.Debug|x64.ActiveCfg = Debug|Any CPU
		{DB846EBF-151F-41B9-828D-50BF4C1DCA07}.Debug|x64.Build.0 = Debug|Any CPU
		{DB846EBF-151F-41B9-828D-50BF4C1DCA07}.MinSizeRel|Any CPU.ActiveCfg = Debug|Any CPU
		{DB846EBF-151F-41B9-828D-50BF4C1DCA07}.MinSizeRel|Any CPU.Build.0 = Debug|Any CPU
		{DB846EBF-151F-41B9-828D-50BF4C1DCA07}.MinSizeRel|x64.ActiveCfg = Debug|Any CPU
		{DB846EBF-151F-41B9-828D-50BF4C1DCA07}.MinSizeRel|x64.Build.0 = Debug|Any CPU
		{DB846EBF-151F-41B9-828D-50BF4C1DCA07}.Release|Any CPU.ActiveCfg = Release|Any CPU
		{DB846EBF-151F-41B9-828D-50BF4C1DCA07}.Release|Any CPU.Build.0 = Release|Any CPU
		{DB846EBF-151F-41B9-828D-50BF4C1DCA07}.Release|x64.ActiveCfg = Release|Any CPU
		{DB846EBF-151F-41B9-828D-50BF4C1DCA07}.Release|x64.Build.0 = Release|Any CPU
		{DB846EBF-151F-41B9-828D-50BF4C1DCA07}.RelWithDebInfo|Any CPU.ActiveCfg = Release|Any CPU
		{DB846EBF-151F-41B9-828D-50BF4C1DCA07}.RelWithDebInfo|Any CPU.Build.0 = Release|Any CPU
		{DB846EBF-151F-41B9-828D-50BF4C1DCA07}.RelWithDebInfo|x64.ActiveCfg = Release|Any CPU
		{DB846EBF-151F-41B9-828D-50BF4C1DCA07}.RelWithDebInfo|x64.Build.0 = Release|Any CPU
	EndGlobalSection
	GlobalSection(SolutionProperties) = preSolution
		HideSolutionNode = FALSE
	EndGlobalSection
	GlobalSection(NestedProjects) = preSolution
		{16965B78-B852-4546-B32D-3CA7446E836A} = {37920ECD-3A0D-42BA-820E-FACBED7A79CE}
		{62A052A3-F06F-49E5-858C-317F97864DBB} = {37920ECD-3A0D-42BA-820E-FACBED7A79CE}
		{30568BDA-0386-4691-AD2F-0FFFD6E90A08} = {37920ECD-3A0D-42BA-820E-FACBED7A79CE}
		{C7CD16A1-8A90-46E6-AF32-B3EFC1B99945} = {8D995227-E1E0-475D-9BB8-5E8939D7068D}
	EndGlobalSection
	GlobalSection(ExtensibilityGlobals) = postSolution
		SolutionGuid = {4EB9A7A9-81B2-4838-B3D1-60CCAEEBDBE6}
	EndGlobalSection
EndGlobal
